Microsoft Visual Studio Solution File, Format Version 12.00
# Visual Studio Version 16
VisualStudioVersion = 16.0.30225.117
MinimumVisualStudioVersion = 10.0.40219.1
Project("{2150E333-8FDC-42A3-9474-1A3956D46DE8}") = "Solution Items", "Solution Items", "{3F4845A7-ED9B-4D0A-A713-6FDEC7502637}"
	ProjectSection(SolutionItems) = preProject
		build.proj = build.proj
	EndProjectSection
EndProject
Project("{8BC9CEB8-8B4A-11D0-8D11-00A0C91BC942}") = "mytest", "mytest\mytest.vcxproj", "{9331F765-73A8-4B2C-ADB9-101120D1EE05}"
EndProject
Global
	GlobalSection(SolutionConfigurationPlatforms) = preSolution
		Debug|x64 = Debug|x64
	EndGlobalSection
	GlobalSection(ProjectConfigurationPlatforms) = postSolution
		{9331F765-73A8-4B2C-ADB9-101120D1EE05}.Debug|x64.ActiveCfg = Debug|x64
		{9331F765-73A8-4B2C-ADB9-101120D1EE05}.Debug|x64.Build.0 = Debug|x64
	EndGlobalSection
	GlobalSection(SolutionProperties) = preSolution
		HideSolutionNode = FALSE
	EndGlobalSection
	GlobalSection(ExtensibilityGlobals) = postSolution
		SolutionGuid = {BC36BA1E-7A6D-40B4-8476-28BE840DBBF3}
	EndGlobalSection
EndGlobal
